
Microsoft Visual Studio Solution File, Format Version 12.00
# Visual Studio Version 16
VisualStudioVersion = 16.0.30413.136
MinimumVisualStudioVersion = 10.0.40219.1
Project("{FAE04EC0-301F-11D3-BF4B-00C04F79EFBC}") = "DES_Encryption", "DES_Encryption\DES_Encryption.csproj", "{225FC0EA-D421-451E-A921-08B1CDB5014F}"
EndProject
Global
	GlobalSection(SolutionConfigurationPlatforms) = preSolution
		Debug|Any CPU = Debug|Any CPU
		Release|Any CPU = Release|Any CPU
	EndGlobalSection
	GlobalSection(ProjectConfigurationPlatforms) = postSolution
		{225FC0EA-D421-451E-A921-08B1CDB5014F}.Debug|Any CPU.ActiveCfg = Debug|Any CPU
		{225FC0EA-D421-451E-A921-08B1CDB5014F}.Debug|Any CPU.Build.0 = Debug|Any CPU
		{225FC0EA-D421-451E-A921-08B1CDB5014F}.Release|Any CPU.ActiveCfg = Release|Any CPU
		{225FC0EA-D421-451E-A921-08B1CDB5014F}.Release|Any CPU.Build.0 = Release|Any CPU
	EndGlobalSection
	GlobalSection(SolutionProperties) = preSolution
		HideSolutionNode = FALSE
	EndGlobalSection
	GlobalSection(ExtensibilityGlobals) = postSolution
		SolutionGuid = {12F1A076-1AA3-4249-9731-7D736188BD6A}
	EndGlobalSection
EndGlobal
